// !$*UTF8*$!
{
	archiveVersion = 1;
	classes = {
	};
	objectVersion = 51;
	objects = {

/* Begin PBXBuildFile section */
		748AF68D24C1837D004F8A44 /* AppDelegate.swift in Sources */ = {isa = PBXBuildFile; fileRef = 748AF68C24C1837D004F8A44 /* AppDelegate.swift */; };
		748AF68F24C1837D004F8A44 /* SceneDelegate.swift in Sources */ = {isa = PBXBuildFile; fileRef = 748AF68E24C1837D004F8A44 /* SceneDelegate.swift */; };
		748AF69124C1837D004F8A44 /* ViewController.swift in Sources */ = {isa = PBXBuildFile; fileRef = 748AF69024C1837D004F8A44 /* ViewController.swift */; };
		748AF69424C1837D004F8A44 /* Main.storyboard in Resources */ = {isa = PBXBuildFile; fileRef = 748AF69224C1837D004F8A44 /* Main.storyboard */; };
		748AF69624C18385004F8A44 /* Assets.xcassets in Resources */ = {isa = PBXBuildFile; fileRef = 748AF69524C18385004F8A44 /* Assets.xcassets */; };
		748AF69924C18385004F8A44 /* LaunchScreen.storyboard in Resources */ = {isa = PBXBuildFile; fileRef = 748AF69724C18385004F8A44 /* LaunchScreen.storyboard */; };
		74ECC51024C56DD200E2834E /* GoogleService-Info.plist in Resources */ = {isa = PBXBuildFile; fileRef = 74ECC50F24C56DD100E2834E /* GoogleService-Info.plist */; };
		74ECC51224C62B5700E2834E /* SecondViewController.swift in Sources */ = {isa = PBXBuildFile; fileRef = 74ECC51124C62B5700E2834E /* SecondViewController.swift */; };
/* End PBXBuildFile section */

/* Begin PBXFileReference section */
		28E82271666E399008F0D335 /* Pods-Notification.debug.xcconfig */ = {isa = PBXFileReference; includeInIndex = 1; lastKnownFileType = text.xcconfig; name = "Pods-Notification.debug.xcconfig"; path = "Target Support Files/Pods-Notification/Pods-Notification.debug.xcconfig"; sourceTree = "<group>"; };
		449C246180A7B359139F695E /* Pods-Notification.release.xcconfig */ = {isa = PBXFileReference; includeInIndex = 1; lastKnownFileType = text.xcconfig; name = "Pods-Notification.release.xcconfig"; path = "Target Support Files/Pods-Notification/Pods-Notification.release.xcconfig"; sourceTree = "<group>"; };
		748AF68924C1837D004F8A44 /* Notification.app */ = {isa = PBXFileReference; explicitFileType = wrapper.application; includeInIndex = 0; path = Notification.app; sourceTree = BUILT_PRODUCTS_DIR; };
		748AF68C24C1837D004F8A44 /* AppDelegate.swift */ = {isa = PBXFileReference; lastKnownFileType = sourcecode.swift; path = AppDelegate.swift; sourceTree = "<group>"; };
		748AF68E24C1837D004F8A44 /* SceneDelegate.swift */ = {isa = PBXFileReference; lastKnownFileType = sourcecode.swift; path = SceneDelegate.swift; sourceTree = "<group>"; };
		748AF69024C1837D004F8A44 /* ViewController.swift */ = {isa = PBXFileReference; lastKnownFileType = sourcecode.swift; path = ViewController.swift; sourceTree = "<group>"; };
		748AF69324C1837D004F8A44 /* Base */ = {isa = PBXFileReference; lastKnownFileType = file.storyboard; name = Base; path = Base.lproj/Main.storyboard; sourceTree = "<group>"; };
		748AF69524C18385004F8A44 /* Assets.xcassets */ = {isa = PBXFileReference; lastKnownFileType = folder.assetcatalog; path = Assets.xcassets; sourceTree = "<group>"; };
		748AF69824C18385004F8A44 /* Base */ = {isa = PBXFileReference; lastKnownFileType = file.storyboard; name = Base; path = Base.lproj/LaunchScreen.storyboard; sourceTree = "<group>"; };
		748AF69A24C18385004F8A44 /* Info.plist */ = {isa = PBXFileReference; lastKnownFileType = text.plist.xml; path = Info.plist; sourceTree = "<group>"; };
		74ECC50E24C5666A00E2834E /* Notification.entitlements */ = {isa = PBXFileReference; lastKnownFileType = text.plist.entitlements; path = Notification.entitlements; sourceTree = "<group>"; };
		74ECC50F24C56DD100E2834E /* GoogleService-Info.plist */ = {isa = PBXFileReference; fileEncoding = 4; lastKnownFileType = text.plist.xml; path = "GoogleService-Info.plist"; sourceTree = "<group>"; };
		74ECC51124C62B5700E2834E /* SecondViewController.swift */ = {isa = PBXFileReference; lastKnownFileType = sourcecode.swift; path = SecondViewController.swift; sourceTree = "<group>"; };
/* End PBXFileReference section */

/* Begin PBXFrameworksBuildPhase section */
		748AF68624C1837D004F8A44 /* Frameworks */ = {
			isa = PBXFrameworksBuildPhase;
			buildActionMask = 2147483647;
			files = (
			);
			runOnlyForDeploymentPostprocessing = 0;
		};
/* End PBXFrameworksBuildPhase section */

/* Begin PBXGroup section */
		603D798E5E0934E75230A09B /* Frameworks */ = {
			isa = PBXGroup;
			children = (
			);
			name = Frameworks;
			sourceTree = "<group>";
		};
		748AF68024C1837D004F8A44 = {
			isa = PBXGroup;
			children = (
				748AF68B24C1837D004F8A44 /* Notification */,
				748AF68A24C1837D004F8A44 /* Products */,
				B3AFC1B968B7D6920B88B65F /* Pods */,
				603D798E5E0934E75230A09B /* Frameworks */,
			);
			sourceTree = "<group>";
		};
		748AF68A24C1837D004F8A44 /* Products */ = {
			isa = PBXGroup;
			children = (
				748AF68924C1837D004F8A44 /* Notification.app */,
			);
			name = Products;
			sourceTree = "<group>";
		};
		748AF68B24C1837D004F8A44 /* Notification */ = {
			isa = PBXGroup;
			children = (
				74ECC50F24C56DD100E2834E /* GoogleService-Info.plist */,
				74ECC50E24C5666A00E2834E /* Notification.entitlements */,
				748AF68C24C1837D004F8A44 /* AppDelegate.swift */,
				748AF68E24C1837D004F8A44 /* SceneDelegate.swift */,
				748AF69024C1837D004F8A44 /* ViewController.swift */,
				748AF69224C1837D004F8A44 /* Main.storyboard */,
				748AF69524C18385004F8A44 /* Assets.xcassets */,
				748AF69724C18385004F8A44 /* LaunchScreen.storyboard */,
				748AF69A24C18385004F8A44 /* Info.plist */,
				74ECC51124C62B5700E2834E /* SecondViewController.swift */,
			);
			path = Notification;
			sourceTree = "<group>";
		};
		B3AFC1B968B7D6920B88B65F /* Pods */ = {
			isa = PBXGroup;
			children = (
				28E82271666E399008F0D335 /* Pods-Notification.debug.xcconfig */,
				449C246180A7B359139F695E /* Pods-Notification.release.xcconfig */,
			);
			path = Pods;
			sourceTree = "<group>";
		};
/* End PBXGroup section */

/* Begin PBXNativeTarget section */
		748AF68824C1837D004F8A44 /* Notification */ = {
			isa = PBXNativeTarget;
			buildConfigurationList = 748AF69D24C18385004F8A44 /* Build configuration list for PBXNativeTarget "Notification" */;
			buildPhases = (
				3AB5C23FA3035CF28ABFD575 /* [CP] Check Pods Manifest.lock */,
				748AF68524C1837D004F8A44 /* Sources */,
				748AF68624C1837D004F8A44 /* Frameworks */,
				748AF68724C1837D004F8A44 /* Resources */,
				A08B643359887DD855361887 /* [CP] Embed Pods Frameworks */,
			);
			buildRules = (
			);
			dependencies = (
			);
			name = Notification;
			productName = Notification;
			productReference = 748AF68924C1837D004F8A44 /* Notification.app */;
			productType = "com.apple.product-type.application";
		};
/* End PBXNativeTarget section */

/* Begin PBXProject section */
		748AF68124C1837D004F8A44 /* Project object */ = {
			isa = PBXProject;
			attributes = {
				LastSwiftUpdateCheck = 1150;
				LastUpgradeCheck = 1150;
				ORGANIZATIONNAME = "Balaji Sundaram";
				TargetAttributes = {
					748AF68824C1837D004F8A44 = {
						CreatedOnToolsVersion = 11.5;
					};
				};
			};
			buildConfigurationList = 748AF68424C1837D004F8A44 /* Build configuration list for PBXProject "Notification" */;
			compatibilityVersion = "Xcode 9.3";
			developmentRegion = en;
			hasScannedForEncodings = 0;
			knownRegions = (
				en,
				Base,
			);
			mainGroup = 748AF68024C1837D004F8A44;
			productRefGroup = 748AF68A24C1837D004F8A44 /* Products */;
			projectDirPath = "";
			projectRoot = "";
			targets = (
				748AF68824C1837D004F8A44 /* Notification */,
			);
		};
/* End PBXProject section */

/* Begin PBXResourcesBuildPhase section */
		748AF68724C1837D004F8A44 /* Resources */ = {
			isa = PBXResourcesBuildPhase;
			buildActionMask = 2147483647;
			files = (
				748AF69924C18385004F8A44 /* LaunchScreen.storyboard in Resources */,
				74ECC51024C56DD200E2834E /* GoogleService-Info.plist in Resources */,
				748AF69624C18385004F8A44 /* Assets.xcassets in Resources */,
				748AF69424C1837D004F8A44 /* Main.storyboard in Resources */,
			);
			runOnlyForDeploymentPostprocessing = 0;
		};
/* End PBXResourcesBuildPhase section */

/* Begin PBXShellScriptBuildPhase section */
		3AB5C23FA3035CF28ABFD575 /* [CP] Check Pods Manifest.lock */ = {
			isa = PBXShellScriptBuildPhase;
			buildActionMask = 2147483647;
			files = (
			);
			inputFileListPaths = (
			);
			inputPaths = (
				"${PODS_PODFILE_DIR_PATH}/Podfile.lock",
				"${PODS_ROOT}/Manifest.lock",
			);
			name = "[CP] Check Pods Manifest.lock";
			outputFileListPaths = (
			);
			outputPaths = (
				"$(DERIVED_FILE_DIR)/Pods-Notification-checkManifestLockResult.txt",
			);
			runOnlyForDeploymentPostprocessing = 0;
			shellPath = /bin/sh;
			shellScript = "diff \"${PODS_PODFILE_DIR_PATH}/Podfile.lock\" \"${PODS_ROOT}/Manifest.lock\" > /dev/null\nif [ $? != 0 ] ; then\n    # print error to STDERR\n    echo \"error: The sandbox is not in sync with the Podfile.lock. Run 'pod install' or update your CocoaPods installation.\" >&2\n    exit 1\nfi\n# This output is used by Xcode 'outputs' to avoid re-running this script phase.\necho \"SUCCESS\" > \"${SCRIPT_OUTPUT_FILE_0}\"\n";
			showEnvVarsInLog = 0;
		};
		A08B643359887DD855361887 /* [CP] Embed Pods Frameworks */ = {
			isa = PBXShellScriptBuildPhase;
			buildActionMask = 2147483647;
			files = (
			);
			inputFileListPaths = (
				"${PODS_ROOT}/Target Support Files/Pods-Notification/Pods-Notification-frameworks-${CONFIGURATION}-input-files.xcfilelist",
			);
			name = "[CP] Embed Pods Frameworks";
			outputFileListPaths = (
				"${PODS_ROOT}/Target Support Files/Pods-Notification/Pods-Notification-frameworks-${CONFIGURATION}-output-files.xcfilelist",
			);
			runOnlyForDeploymentPostprocessing = 0;
			shellPath = /bin/sh;
			shellScript = "\"${PODS_ROOT}/Target Support Files/Pods-Notification/Pods-Notification-frameworks.sh\"\n";
			showEnvVarsInLog = 0;
		};
/* End PBXShellScriptBuildPhase section */

/* Begin PBXSourcesBuildPhase section */
		748AF68524C1837D004F8A44 /* Sources */ = {
			isa = PBXSourcesBuildPhase;
			buildActionMask = 2147483647;
			files = (
				74ECC51224C62B5700E2834E /* SecondViewController.swift in Sources */,
				748AF69124C1837D004F8A44 /* ViewController.swift in Sources */,
				748AF68D24C1837D004F8A44 /* AppDelegate.swift in Sources */,
				748AF68F24C1837D004F8A44 /* SceneDelegate.swift in Sources */,
			);
			runOnlyForDeploymentPostprocessing = 0;
		};
/* End PBXSourcesBuildPhase section */

/* Begin PBXVariantGroup section */
		748AF69224C1837D004F8A44 /* Main.storyboard */ = {
			isa = PBXVariantGroup;
			children = (
				748AF69324C1837D004F8A44 /* Base */,
			);
			name = Main.storyboard;
			sourceTree = "<group>";
		};
		748AF69724C18385004F8A44 /* LaunchScreen.storyboard */ = {
			isa = PBXVariantGroup;
			children = (
				748AF69824C18385004F8A44 /* Base */,
			);
			name = LaunchScreen.storyboard;
			sourceTree = "<group>";
		};
/* End PBXVariantGroup section */

/* Begin XCBuildConfiguration section */
		748AF69B24C18385004F8A44 /* Debug */ = {
			isa = XCBuildConfiguration;
			buildSettings = {
				ALWAYS_SEARCH_USER_PATHS = NO;
				CLANG_ANALYZER_NONNULL = YES;
				CLANG_ANALYZER_NUMBER_OBJECT_CONVERSION = YES_AGGRESSIVE;
				CLANG_CXX_LANGUAGE_STANDARD = "gnu++14";
				CLANG_CXX_LIBRARY = "libc++";
				CLANG_ENABLE_MODULES = YES;
				CLANG_ENABLE_OBJC_ARC = YES;
				CLANG_ENABLE_OBJC_WEAK = YES;
				CLANG_WARN_BLOCK_CAPTURE_AUTORELEASING = YES;
				CLANG_WARN_BOOL_CONVERSION = YES;
				CLANG_WARN_COMMA = YES;
				CLANG_WARN_CONSTANT_CONVERSION = YES;
				CLANG_WARN_DEPRECATED_OBJC_IMPLEMENTATIONS = YES;
				CLANG_WARN_DIRECT_OBJC_ISA_USAGE = YES_ERROR;
				CLANG_WARN_DOCUMENTATION_COMMENTS = YES;
				CLANG_WARN_EMPTY_BODY = YES;
				CLANG_WARN_ENUM_CONVERSION = YES;
				CLANG_WARN_INFINITE_RECURSION = YES;
				CLANG_WARN_INT_CONVERSION = YES;
				CLANG_WARN_NON_LITERAL_NULL_CONVERSION = YES;
				CLANG_WARN_OBJC_IMPLICIT_RETAIN_SELF = YES;
				CLANG_WARN_OBJC_LITERAL_CONVERSION = YES;
				CLANG_WARN_OBJC_ROOT_CLASS = YES_ERROR;
				CLANG_WARN_RANGE_LOOP_ANALYSIS = YES;
				CLANG_WARN_STRICT_PROTOTYPES = YES;
				CLANG_WARN_SUSPICIOUS_MOVE = YES;
				CLANG_WARN_UNGUARDED_AVAILABILITY = YES_AGGRESSIVE;
				CLANG_WARN_UNREACHABLE_CODE = YES;
				CLANG_WARN__DUPLICATE_METHOD_MATCH = YES;
				COPY_PHASE_STRIP = NO;
				DEBUG_INFORMATION_FORMAT = dwarf;
				ENABLE_STRICT_OBJC_MSGSEND = YES;
				ENABLE_TESTABILITY = YES;
				GCC_C_LANGUAGE_STANDARD = gnu11;
				GCC_DYNAMIC_NO_PIC = NO;
				GCC_NO_COMMON_BLOCKS = YES;
				GCC_OPTIMIZATION_LEVEL = 0;
				GCC_PREPROCESSOR_DEFINITIONS = (
					"DEBUG=1",
					"$(inherited)",
				);
				GCC_WARN_64_TO_32_BIT_CONVERSION = YES;
				GCC_WARN_ABOUT_RETURN_TYPE = YES_ERROR;
				GCC_WARN_UNDECLARED_SELECTOR = YES;
				GCC_WARN_UNINITIALIZED_AUTOS = YES_AGGRESSIVE;
				GCC_WARN_UNUSED_FUNCTION = YES;
				GCC_WARN_UNUSED_VARIABLE = YES;
				IPHONEOS_DEPLOYMENT_TARGET = 13.5;
				MTL_ENABLE_DEBUG_INFO = INCLUDE_SOURCE;
				MTL_FAST_MATH = YES;
				ONLY_ACTIVE_ARCH = YES;
				SDKROOT = iphoneos;
				SWIFT_ACTIVE_COMPILATION_CONDITIONS = DEBUG;
				SWIFT_OPTIMIZATION_LEVEL = "-Onone";
			};
			name = Debug;
		};
		748AF69C24C18385004F8A44 /* Release */ = {
			isa = XCBuildConfiguration;
			buildSettings = {
				ALWAYS_SEARCH_USER_PATHS = NO;
				CLANG_ANALYZER_NONNULL = YES;
				CLANG_ANALYZER_NUMBER_OBJECT_CONVERSION = YES_AGGRESSIVE;
				CLANG_CXX_LANGUAGE_STANDARD = "gnu++14";
				CLANG_CXX_LIBRARY = "libc++";
				CLANG_ENABLE_MODULES = YES;
				CLANG_ENABLE_OBJC_ARC = YES;
				CLANG_ENABLE_OBJC_WEAK = YES;
				CLANG_WARN_BLOCK_CAPTURE_AUTORELEASING = YES;
				CLANG_WARN_BOOL_CONVERSION = YES;
				CLANG_WARN_COMMA = YES;
				CLANG_WARN_CONSTANT_CONVERSION = YES;
				CLANG_WARN_DEPRECATED_OBJC_IMPLEMENTATIONS = YES;
				CLANG_WARN_DIRECT_OBJC_ISA_USAGE = YES_ERROR;
				CLANG_WARN_DOCUMENTATION_COMMENTS = YES;
				CLANG_WARN_EMPTY_BODY = YES;
				CLANG_WARN_ENUM_CONVERSION = YES;
				CLANG_WARN_INFINITE_RECURSION = YES;
				CLANG_WARN_INT_CONVERSION = YES;
				CLANG_WARN_NON_LITERAL_NULL_CONVERSION = YES;
				CLANG_WARN_OBJC_IMPLICIT_RETAIN_SELF = YES;
				CLANG_WARN_OBJC_LITERAL_CONVERSION = YES;
				CLANG_WARN_OBJC_ROOT_CLASS = YES_ERROR;
				CLANG_WARN_RANGE_LOOP_ANALYSIS = YES;
				CLANG_WARN_STRICT_PROTOTYPES = YES;
				CLANG_WARN_SUSPICIOUS_MOVE = YES;
				CLANG_WARN_UNGUARDED_AVAILABILITY = YES_AGGRESSIVE;
				CLANG_WARN_UNREACHABLE_CODE = YES;
				CLANG_WARN__DUPLICATE_METHOD_MATCH = YES;
				COPY_PHASE_STRIP = NO;
				DEBUG_INFORMATION_FORMAT = "dwarf-with-dsym";
				ENABLE_NS_ASSERTIONS = NO;
				ENABLE_STRICT_OBJC_MSGSEND = YES;
				GCC_C_LANGUAGE_STANDARD = gnu11;
				GCC_NO_COMMON_BLOCKS = YES;
				GCC_WARN_64_TO_32_BIT_CONVERSION = YES;
				GCC_WARN_ABOUT_RETURN_TYPE = YES_ERROR;
				GCC_WARN_UNDECLARED_SELECTOR = YES;
				GCC_WARN_UNINITIALIZED_AUTOS = YES_AGGRESSIVE;
				GCC_WARN_UNUSED_FUNCTION = YES;
				GCC_WARN_UNUSED_VARIABLE = YES;
				IPHONEOS_DEPLOYMENT_TARGET = 13.5;
				MTL_ENABLE_DEBUG_INFO = NO;
				MTL_FAST_MATH = YES;
				SDKROOT = iphoneos;
				SWIFT_COMPILATION_MODE = wholemodule;
				SWIFT_OPTIMIZATION_LEVEL = "-O";
				VALIDATE_PRODUCT = YES;
			};
			name = Release;
		};
		748AF69E24C18385004F8A44 /* Debug */ = {
			isa = XCBuildConfiguration;
			baseConfigurationReference = 28E82271666E399008F0D335 /* Pods-Notification.debug.xcconfig */;
			buildSettings = {
				ASSETCATALOG_COMPILER_APPICON_NAME = AppIcon;
				CODE_SIGN_ENTITLEMENTS = Notification/Notification.entitlements;
				CODE_SIGN_IDENTITY = "iPhone Developer";
				CODE_SIGN_STYLE = Manual;
				DEVELOPMENT_TEAM = P949C94T9Z;
				INFOPLIST_FILE = Notification/Info.plist;
				IPHONEOS_DEPLOYMENT_TARGET = 10.0;
				LD_RUNPATH_SEARCH_PATHS = (
					"$(inherited)",
					"@executable_path/Frameworks",
				);
				PRODUCT_BUNDLE_IDENTIFIER = com.remote.firebasenotification;
				PRODUCT_NAME = "$(TARGET_NAME)";
				PROVISIONING_PROFILE_SPECIFIER = RemotePushNotification;
				SWIFT_VERSION = 5.0;
				TARGETED_DEVICE_FAMILY = "1,2";
			};
			name = Debug;
		};
		748AF69F24C18385004F8A44 /* Release */ = {
			isa = XCBuildConfiguration;
			baseConfigurationReference = 449C246180A7B359139F695E /* Pods-Notification.release.xcconfig */;
			buildSettings = {
				ASSETCATALOG_COMPILER_APPICON_NAME = AppIcon;
				CODE_SIGN_ENTITLEMENTS = Notification/Notification.entitlements;
				CODE_SIGN_IDENTITY = "iPhone Developer";
				CODE_SIGN_STYLE = Manual;
				DEVELOPMENT_TEAM = P949C94T9Z;
				INFOPLIST_FILE = Notification/Info.plist;
				IPHONEOS_DEPLOYMENT_TARGET = 10.0;
				LD_RUNPATH_SEARCH_PATHS = (
					"$(inherited)",
					"@executable_path/Frameworks",
				);
				PRODUCT_BUNDLE_IDENTIFIER = com.remote.firebasenotification;
				PRODUCT_NAME = "$(TARGET_NAME)";
				PROVISIONING_PROFILE_SPECIFIER = RemotePushNotification;
				SWIFT_VERSION = 5.0;
				TARGETED_DEVICE_FAMILY = "1,2";
			};
			name = Release;
		};
/* End XCBuildConfiguration section */

/* Begin XCConfigurationList section */
		748AF68424C1837D004F8A44 /* Build configuration list for PBXProject "Notification" */ = {
			isa = XCConfigurationList;
			buildConfigurations = (
				748AF69B24C18385004F8A44 /* Debug */,
				748AF69C24C18385004F8A44 /* Release */,
			);
			defaultConfigurationIsVisible = 0;
			defaultConfigurationName = Release;
		};
		748AF69D24C18385004F8A44 /* Build configuration list for PBXNativeTarget "Notification" */ = {
			isa = XCConfigurationList;
			buildConfigurations = (
				748AF69E24C18385004F8A44 /* Debug */,
				748AF69F24C18385004F8A44 /* Release */,
			);
			defaultConfigurationIsVisible = 0;
			defaultConfigurationName = Release;
		};
/* End XCConfigurationList section */
	};
	rootObject = 748AF68124C1837D004F8A44 /* Project object */;
}
